
Microsoft Visual Studio Solution File, Format Version 11.00
# Visual Studio 2010
Project("{FAE04EC0-301F-11D3-BF4B-00C04F79EFBC}") = "EnglishDayEnd", "Assembly-CSharp-firstpass.csproj", "{754B48EF-DE59-B64F-AFFF-870E604AC041}"
EndProject
Project("{FAE04EC0-301F-11D3-BF4B-00C04F79EFBC}") = "EnglishDayEnd", "Assembly-CSharp.csproj", "{BD1DE566-32B3-324E-1FB8-E4EB3B3E0B19}"
EndProject
Project("{FAE04EC0-301F-11D3-BF4B-00C04F79EFBC}") = "EnglishDayEnd", "Assembly-CSharp-Editor-firstpass.csproj", "{51A8AF79-1F2C-F073-B9EA-798C614180EE}"
EndProject
Project("{FAE04EC0-301F-11D3-BF4B-00C04F79EFBC}") = "EnglishDayEnd", "Assembly-CSharp-Editor.csproj", "{0BB11B75-1118-838E-767D-82514AAAFB9E}"
EndProject
Global
	GlobalSection(SolutionConfigurationPlatforms) = preSolution
		Debug|Any CPU = Debug|Any CPU
		Release|Any CPU = Release|Any CPU
	EndGlobalSection
	GlobalSection(ProjectConfigurationPlatforms) = postSolution
		{754B48EF-DE59-B64F-AFFF-870E604AC041}.Debug|Any CPU.ActiveCfg = Debug|Any CPU
		{754B48EF-DE59-B64F-AFFF-870E604AC041}.Debug|Any CPU.Build.0 = Debug|Any CPU
		{754B48EF-DE59-B64F-AFFF-870E604AC041}.Release|Any CPU.ActiveCfg = Release|Any CPU
		{754B48EF-DE59-B64F-AFFF-870E604AC041}.Release|Any CPU.Build.0 = Release|Any CPU
		{BD1DE566-32B3-324E-1FB8-E4EB3B3E0B19}.Debug|Any CPU.ActiveCfg = Debug|Any CPU
		{BD1DE566-32B3-324E-1FB8-E4EB3B3E0B19}.Debug|Any CPU.Build.0 = Debug|Any CPU
		{BD1DE566-32B3-324E-1FB8-E4EB3B3E0B19}.Release|Any CPU.ActiveCfg = Release|Any CPU
		{BD1DE566-32B3-324E-1FB8-E4EB3B3E0B19}.Release|Any CPU.Build.0 = Release|Any CPU
		{51A8AF79-1F2C-F073-B9EA-798C614180EE}.Debug|Any CPU.ActiveCfg = Debug|Any CPU
		{51A8AF79-1F2C-F073-B9EA-798C614180EE}.Debug|Any CPU.Build.0 = Debug|Any CPU
		{51A8AF79-1F2C-F073-B9EA-798C614180EE}.Release|Any CPU.ActiveCfg = Release|Any CPU
		{51A8AF79-1F2C-F073-B9EA-798C614180EE}.Release|Any CPU.Build.0 = Release|Any CPU
		{0BB11B75-1118-838E-767D-82514AAAFB9E}.Debug|Any CPU.ActiveCfg = Debug|Any CPU
		{0BB11B75-1118-838E-767D-82514AAAFB9E}.Debug|Any CPU.Build.0 = Debug|Any CPU
		{0BB11B75-1118-838E-767D-82514AAAFB9E}.Release|Any CPU.ActiveCfg = Release|Any CPU
		{0BB11B75-1118-838E-767D-82514AAAFB9E}.Release|Any CPU.Build.0 = Release|Any CPU
	EndGlobalSection
	GlobalSection(SolutionProperties) = preSolution
		HideSolutionNode = FALSE
	EndGlobalSection
	GlobalSection(MonoDevelopProperties) = preSolution
		StartupItem = Assembly-CSharp.csproj
	EndGlobalSection
EndGlobal
